
Microsoft Visual Studio Solution File, Format Version 12.00
# Visual Studio Version 16
VisualStudioVersion = 16.0.32106.194
MinimumVisualStudioVersion = 10.0.40219.1
Project("{FAE04EC0-301F-11D3-BF4B-00C04F79EFBC}") = "DioAppCadastroSeries", "DioAppCadastroSeries\DioAppCadastroSeries.csproj", "{3909B2B7-2722-45E9-964C-090BE45570AA}"
EndProject
Global
	GlobalSection(SolutionConfigurationPlatforms) = preSolution
		Debug|Any CPU = Debug|Any CPU
		Release|Any CPU = Release|Any CPU
	EndGlobalSection
	GlobalSection(ProjectConfigurationPlatforms) = postSolution
		{3909B2B7-2722-45E9-964C-090BE45570AA}.Debug|Any CPU.ActiveCfg = Debug|Any CPU
		{3909B2B7-2722-45E9-964C-090BE45570AA}.Debug|Any CPU.Build.0 = Debug|Any CPU
		{3909B2B7-2722-45E9-964C-090BE45570AA}.Release|Any CPU.ActiveCfg = Release|Any CPU
		{3909B2B7-2722-45E9-964C-090BE45570AA}.Release|Any CPU.Build.0 = Release|Any CPU
	EndGlobalSection
	GlobalSection(SolutionProperties) = preSolution
		HideSolutionNode = FALSE
	EndGlobalSection
	GlobalSection(ExtensibilityGlobals) = postSolution
		SolutionGuid = {7AB4F8D9-EE64-460E-8F77-241626F27E87}
	EndGlobalSection
EndGlobal
